
Microsoft Visual Studio Solution File, Format Version 12.00
# Visual Studio Version 17
VisualStudioVersion = 17.6.33829.357
MinimumVisualStudioVersion = 10.0.40219.1
Project("{FAE04EC0-301F-11D3-BF4B-00C04F79EFBC}") = "BehavioralPatterns", "BehavioralPatterns\BehavioralPatterns.csproj", "{D763665B-5A68-41B9-B289-45171B187B94}"
EndProject
Project("{FAE04EC0-301F-11D3-BF4B-00C04F79EFBC}") = "CreationalPatterns", "CreationalPatterns\CreationalPatterns.csproj", "{600647F0-1892-4FAD-88D6-BF3090D04EB0}"
EndProject
Project("{FAE04EC0-301F-11D3-BF4B-00C04F79EFBC}") = "StructuralPatterns", "StructuralPatterns\StructuralPatterns.csproj", "{755BCF91-96C9-4995-97BE-4BBA1E39197C}"
EndProject
Project("{2150E333-8FDC-42A3-9474-1A3956D46DE8}") = "Notes", "Notes", "{78C246AF-79C8-4115-A226-D08190164EE8}"
	ProjectSection(SolutionItems) = preProject
		Notes\Git.txt = Notes\Git.txt
		Notes\Links.txt = Notes\Links.txt
		Notes\PatternsDescription.txt = Notes\PatternsDescription.txt
	EndProjectSection
EndProject
Global
	GlobalSection(SolutionConfigurationPlatforms) = preSolution
		Debug|Any CPU = Debug|Any CPU
		Release|Any CPU = Release|Any CPU
	EndGlobalSection
	GlobalSection(ProjectConfigurationPlatforms) = postSolution
		{D763665B-5A68-41B9-B289-45171B187B94}.Debug|Any CPU.ActiveCfg = Debug|Any CPU
		{D763665B-5A68-41B9-B289-45171B187B94}.Debug|Any CPU.Build.0 = Debug|Any CPU
		{D763665B-5A68-41B9-B289-45171B187B94}.Release|Any CPU.ActiveCfg = Release|Any CPU
		{D763665B-5A68-41B9-B289-45171B187B94}.Release|Any CPU.Build.0 = Release|Any CPU
		{600647F0-1892-4FAD-88D6-BF3090D04EB0}.Debug|Any CPU.ActiveCfg = Debug|Any CPU
		{600647F0-1892-4FAD-88D6-BF3090D04EB0}.Debug|Any CPU.Build.0 = Debug|Any CPU
		{600647F0-1892-4FAD-88D6-BF3090D04EB0}.Release|Any CPU.ActiveCfg = Release|Any CPU
		{600647F0-1892-4FAD-88D6-BF3090D04EB0}.Release|Any CPU.Build.0 = Release|Any CPU
		{755BCF91-96C9-4995-97BE-4BBA1E39197C}.Debug|Any CPU.ActiveCfg = Debug|Any CPU
		{755BCF91-96C9-4995-97BE-4BBA1E39197C}.Debug|Any CPU.Build.0 = Debug|Any CPU
		{755BCF91-96C9-4995-97BE-4BBA1E39197C}.Release|Any CPU.ActiveCfg = Release|Any CPU
		{755BCF91-96C9-4995-97BE-4BBA1E39197C}.Release|Any CPU.Build.0 = Release|Any CPU
	EndGlobalSection
	GlobalSection(SolutionProperties) = preSolution
		HideSolutionNode = FALSE
	EndGlobalSection
	GlobalSection(ExtensibilityGlobals) = postSolution
		SolutionGuid = {2D5EFDCB-2AD5-4997-B27D-1D1C608F1299}
	EndGlobalSection
EndGlobal
